
Microsoft Visual Studio Solution File, Format Version 12.00
# Visual Studio Version 16
VisualStudioVersion = 16.0.33130.400
MinimumVisualStudioVersion = 10.0.40219.1
Project("{FAE04EC0-301F-11D3-BF4B-00C04F79EFBC}") = "pm_training", "pm_training\pm_training.csproj", "{EEDAB8CF-3CB0-4AAF-AFC6-DA243041443B}"
EndProject
Global
	GlobalSection(SolutionConfigurationPlatforms) = preSolution
		Debug|Any CPU = Debug|Any CPU
		Release|Any CPU = Release|Any CPU
	EndGlobalSection
	GlobalSection(ProjectConfigurationPlatforms) = postSolution
		{EEDAB8CF-3CB0-4AAF-AFC6-DA243041443B}.Debug|Any CPU.ActiveCfg = Debug|Any CPU
		{EEDAB8CF-3CB0-4AAF-AFC6-DA243041443B}.Debug|Any CPU.Build.0 = Debug|Any CPU
		{EEDAB8CF-3CB0-4AAF-AFC6-DA243041443B}.Release|Any CPU.ActiveCfg = Release|Any CPU
		{EEDAB8CF-3CB0-4AAF-AFC6-DA243041443B}.Release|Any CPU.Build.0 = Release|Any CPU
	EndGlobalSection
	GlobalSection(SolutionProperties) = preSolution
		HideSolutionNode = FALSE
	EndGlobalSection
	GlobalSection(ExtensibilityGlobals) = postSolution
		SolutionGuid = {A1248981-C260-4FC1-A283-1F83AA1BAD4E}
	EndGlobalSection
EndGlobal
